// !$*UTF8*$!
{
	archiveVersion = 1;
	classes = {
	};
	objectVersion = 46;
	objects = {

/* Begin PBXBuildFile section */
		78465EDC1E757E8000A3E2DA /* AppDelegate.swift in Sources */ = {isa = PBXBuildFile; fileRef = 78465EDB1E757E8000A3E2DA /* AppDelegate.swift */; };
		78465EDE1E757E8000A3E2DA /* MainVC.swift in Sources */ = {isa = PBXBuildFile; fileRef = 78465EDD1E757E8000A3E2DA /* MainVC.swift */; };
		78465EE11E757E8000A3E2DA /* Main.storyboard in Resources */ = {isa = PBXBuildFile; fileRef = 78465EDF1E757E8000A3E2DA /* Main.storyboard */; };
		78465EE41E757E8000A3E2DA /* DreamLister.xcdatamodeld in Sources */ = {isa = PBXBuildFile; fileRef = 78465EE21E757E8000A3E2DA /* DreamLister.xcdatamodeld */; };
		78465EE61E757E8000A3E2DA /* Assets.xcassets in Resources */ = {isa = PBXBuildFile; fileRef = 78465EE51E757E8000A3E2DA /* Assets.xcassets */; };
		78465EE91E757E8000A3E2DA /* LaunchScreen.storyboard in Resources */ = {isa = PBXBuildFile; fileRef = 78465EE71E757E8000A3E2DA /* LaunchScreen.storyboard */; };
		78465F0B1E7585B600A3E2DA /* Item+CoreDataClass.swift in Sources */ = {isa = PBXBuildFile; fileRef = 78465F091E7585B600A3E2DA /* Item+CoreDataClass.swift */; };
		78465F0C1E7585B600A3E2DA /* Item+CoreDataProperties.swift in Sources */ = {isa = PBXBuildFile; fileRef = 78465F0A1E7585B600A3E2DA /* Item+CoreDataProperties.swift */; };
		78465F0F1E7585F300A3E2DA /* Image+CoreDataClass.swift in Sources */ = {isa = PBXBuildFile; fileRef = 78465F0D1E7585F300A3E2DA /* Image+CoreDataClass.swift */; };
		78465F101E7585F300A3E2DA /* Image+CoreDataProperties.swift in Sources */ = {isa = PBXBuildFile; fileRef = 78465F0E1E7585F300A3E2DA /* Image+CoreDataProperties.swift */; };
/* End PBXBuildFile section */

/* Begin PBXFileReference section */
		78465ED81E757E8000A3E2DA /* DreamLister.app */ = {isa = PBXFileReference; explicitFileType = wrapper.application; includeInIndex = 0; path = DreamLister.app; sourceTree = BUILT_PRODUCTS_DIR; };
		78465EDB1E757E8000A3E2DA /* AppDelegate.swift */ = {isa = PBXFileReference; lastKnownFileType = sourcecode.swift; path = AppDelegate.swift; sourceTree = "<group>"; };
		78465EDD1E757E8000A3E2DA /* MainVC.swift */ = {isa = PBXFileReference; lastKnownFileType = sourcecode.swift; path = MainVC.swift; sourceTree = "<group>"; };
		78465EE01E757E8000A3E2DA /* Base */ = {isa = PBXFileReference; lastKnownFileType = file.storyboard; name = Base; path = Base.lproj/Main.storyboard; sourceTree = "<group>"; };
		78465EE31E757E8000A3E2DA /* DreamLister.xcdatamodel */ = {isa = PBXFileReference; lastKnownFileType = wrapper.xcdatamodel; path = DreamLister.xcdatamodel; sourceTree = "<group>"; };
		78465EE51E757E8000A3E2DA /* Assets.xcassets */ = {isa = PBXFileReference; lastKnownFileType = folder.assetcatalog; path = Assets.xcassets; sourceTree = "<group>"; };
		78465EE81E757E8000A3E2DA /* Base */ = {isa = PBXFileReference; lastKnownFileType = file.storyboard; name = Base; path = Base.lproj/LaunchScreen.storyboard; sourceTree = "<group>"; };
		78465EEA1E757E8000A3E2DA /* Info.plist */ = {isa = PBXFileReference; lastKnownFileType = text.plist.xml; path = Info.plist; sourceTree = "<group>"; };
		78465F091E7585B600A3E2DA /* Item+CoreDataClass.swift */ = {isa = PBXFileReference; fileEncoding = 4; lastKnownFileType = sourcecode.swift; path = "Item+CoreDataClass.swift"; sourceTree = "<group>"; };
		78465F0A1E7585B600A3E2DA /* Item+CoreDataProperties.swift */ = {isa = PBXFileReference; fileEncoding = 4; lastKnownFileType = sourcecode.swift; path = "Item+CoreDataProperties.swift"; sourceTree = "<group>"; };
		78465F0D1E7585F300A3E2DA /* Image+CoreDataClass.swift */ = {isa = PBXFileReference; fileEncoding = 4; lastKnownFileType = sourcecode.swift; path = "Image+CoreDataClass.swift"; sourceTree = "<group>"; };
		78465F0E1E7585F300A3E2DA /* Image+CoreDataProperties.swift */ = {isa = PBXFileReference; fileEncoding = 4; lastKnownFileType = sourcecode.swift; path = "Image+CoreDataProperties.swift"; sourceTree = "<group>"; };
/* End PBXFileReference section */

/* Begin PBXFrameworksBuildPhase section */
		78465ED51E757E8000A3E2DA /* Frameworks */ = {
			isa = PBXFrameworksBuildPhase;
			buildActionMask = 2147483647;
			files = (
			);
			runOnlyForDeploymentPostprocessing = 0;
		};
/* End PBXFrameworksBuildPhase section */

/* Begin PBXGroup section */
		78465ECF1E757E8000A3E2DA = {
			isa = PBXGroup;
			children = (
				78465EDA1E757E8000A3E2DA /* DreamLister */,
				78465ED91E757E8000A3E2DA /* Products */,
			);
			sourceTree = "<group>";
		};
		78465ED91E757E8000A3E2DA /* Products */ = {
			isa = PBXGroup;
			children = (
				78465ED81E757E8000A3E2DA /* DreamLister.app */,
			);
			name = Products;
			sourceTree = "<group>";
		};
		78465EDA1E757E8000A3E2DA /* DreamLister */ = {
			isa = PBXGroup;
			children = (
				78465EF31E757ED000A3E2DA /* Model */,
				78465EF21E757ECA00A3E2DA /* View */,
				78465EF01E757EAE00A3E2DA /* Controller */,
				78465EDB1E757E8000A3E2DA /* AppDelegate.swift */,
				78465EDF1E757E8000A3E2DA /* Main.storyboard */,
				78465EE51E757E8000A3E2DA /* Assets.xcassets */,
				78465EE71E757E8000A3E2DA /* LaunchScreen.storyboard */,
				78465EEA1E757E8000A3E2DA /* Info.plist */,
				78465EE21E757E8000A3E2DA /* DreamLister.xcdatamodeld */,
			);
			path = DreamLister;
			sourceTree = "<group>";
		};
		78465EF01E757EAE00A3E2DA /* Controller */ = {
			isa = PBXGroup;
			children = (
				78465EDD1E757E8000A3E2DA /* MainVC.swift */,
			);
			name = Controller;
			sourceTree = "<group>";
		};
		78465EF21E757ECA00A3E2DA /* View */ = {
			isa = PBXGroup;
			children = (
			);
			name = View;
			sourceTree = "<group>";
		};
		78465EF31E757ED000A3E2DA /* Model */ = {
			isa = PBXGroup;
			children = (
				78465F0D1E7585F300A3E2DA /* Image+CoreDataClass.swift */,
				78465F091E7585B600A3E2DA /* Item+CoreDataClass.swift */,
				78465F111E75862300A3E2DA /* Generated */,
			);
			name = Model;
			sourceTree = "<group>";
		};
		78465F111E75862300A3E2DA /* Generated */ = {
			isa = PBXGroup;
			children = (
				78465F0E1E7585F300A3E2DA /* Image+CoreDataProperties.swift */,
				78465F0A1E7585B600A3E2DA /* Item+CoreDataProperties.swift */,
			);
			name = Generated;
			sourceTree = "<group>";
		};
/* End PBXGroup section */

/* Begin PBXNativeTarget section */
		78465ED71E757E8000A3E2DA /* DreamLister */ = {
			isa = PBXNativeTarget;
			buildConfigurationList = 78465EED1E757E8000A3E2DA /* Build configuration list for PBXNativeTarget "DreamLister" */;
			buildPhases = (
				78465ED41E757E8000A3E2DA /* Sources */,
				78465ED51E757E8000A3E2DA /* Frameworks */,
				78465ED61E757E8000A3E2DA /* Resources */,
			);
			buildRules = (
			);
			dependencies = (
			);
			name = DreamLister;
			productName = DreamLister;
			productReference = 78465ED81E757E8000A3E2DA /* DreamLister.app */;
			productType = "com.apple.product-type.application";
		};
/* End PBXNativeTarget section */

/* Begin PBXProject section */
		78465ED01E757E8000A3E2DA /* Project object */ = {
			isa = PBXProject;
			attributes = {
				LastSwiftUpdateCheck = 0820;
				LastUpgradeCheck = 0820;
				ORGANIZATIONNAME = SelfStudy;
				TargetAttributes = {
					78465ED71E757E8000A3E2DA = {
						CreatedOnToolsVersion = 8.2.1;
						DevelopmentTeam = JRAMBAKZPX;
						ProvisioningStyle = Automatic;
					};
				};
			};
			buildConfigurationList = 78465ED31E757E8000A3E2DA /* Build configuration list for PBXProject "DreamLister" */;
			compatibilityVersion = "Xcode 3.2";
			developmentRegion = English;
			hasScannedForEncodings = 0;
			knownRegions = (
				en,
				Base,
			);
			mainGroup = 78465ECF1E757E8000A3E2DA;
			productRefGroup = 78465ED91E757E8000A3E2DA /* Products */;
			projectDirPath = "";
			projectRoot = "";
			targets = (
				78465ED71E757E8000A3E2DA /* DreamLister */,
			);
		};
/* End PBXProject section */

/* Begin PBXResourcesBuildPhase section */
		78465ED61E757E8000A3E2DA /* Resources */ = {
			isa = PBXResourcesBuildPhase;
			buildActionMask = 2147483647;
			files = (
				78465EE91E757E8000A3E2DA /* LaunchScreen.storyboard in Resources */,
				78465EE61E757E8000A3E2DA /* Assets.xcassets in Resources */,
				78465EE11E757E8000A3E2DA /* Main.storyboard in Resources */,
			);
			runOnlyForDeploymentPostprocessing = 0;
		};
/* End PBXResourcesBuildPhase section */

/* Begin PBXSourcesBuildPhase section */
		78465ED41E757E8000A3E2DA /* Sources */ = {
			isa = PBXSourcesBuildPhase;
			buildActionMask = 2147483647;
			files = (
				78465EDE1E757E8000A3E2DA /* MainVC.swift in Sources */,
				78465EDC1E757E8000A3E2DA /* AppDelegate.swift in Sources */,
				78465F0B1E7585B600A3E2DA /* Item+CoreDataClass.swift in Sources */,
				78465F0F1E7585F300A3E2DA /* Image+CoreDataClass.swift in Sources */,
				78465EE41E757E8000A3E2DA /* DreamLister.xcdatamodeld in Sources */,
				78465F0C1E7585B600A3E2DA /* Item+CoreDataProperties.swift in Sources */,
				78465F101E7585F300A3E2DA /* Image+CoreDataProperties.swift in Sources */,
			);
			runOnlyForDeploymentPostprocessing = 0;
		};
/* End PBXSourcesBuildPhase section */

/* Begin PBXVariantGroup section */
		78465EDF1E757E8000A3E2DA /* Main.storyboard */ = {
			isa = PBXVariantGroup;
			children = (
				78465EE01E757E8000A3E2DA /* Base */,
			);
			name = Main.storyboard;
			sourceTree = "<group>";
		};
		78465EE71E757E8000A3E2DA /* LaunchScreen.storyboard */ = {
			isa = PBXVariantGroup;
			children = (
				78465EE81E757E8000A3E2DA /* Base */,
			);
			name = LaunchScreen.storyboard;
			sourceTree = "<group>";
		};
/* End PBXVariantGroup section */

/* Begin XCBuildConfiguration section */
		78465EEB1E757E8000A3E2DA /* Debug */ = {
			isa = XCBuildConfiguration;
			buildSettings = {
				ALWAYS_SEARCH_USER_PATHS = NO;
				CLANG_ANALYZER_NONNULL = YES;
				CLANG_CXX_LANGUAGE_STANDARD = "gnu++0x";
				CLANG_CXX_LIBRARY = "libc++";
				CLANG_ENABLE_MODULES = YES;
				CLANG_ENABLE_OBJC_ARC = YES;
				CLANG_WARN_BOOL_CONVERSION = YES;
				CLANG_WARN_CONSTANT_CONVERSION = YES;
				CLANG_WARN_DIRECT_OBJC_ISA_USAGE = YES_ERROR;
				CLANG_WARN_DOCUMENTATION_COMMENTS = YES;
				CLANG_WARN_EMPTY_BODY = YES;
				CLANG_WARN_ENUM_CONVERSION = YES;
				CLANG_WARN_INFINITE_RECURSION = YES;
				CLANG_WARN_INT_CONVERSION = YES;
				CLANG_WARN_OBJC_ROOT_CLASS = YES_ERROR;
				CLANG_WARN_SUSPICIOUS_MOVE = YES;
				CLANG_WARN_UNREACHABLE_CODE = YES;
				CLANG_WARN__DUPLICATE_METHOD_MATCH = YES;
				"CODE_SIGN_IDENTITY[sdk=iphoneos*]" = "iPhone Developer";
				COPY_PHASE_STRIP = NO;
				DEBUG_INFORMATION_FORMAT = dwarf;
				ENABLE_STRICT_OBJC_MSGSEND = YES;
				ENABLE_TESTABILITY = YES;
				GCC_C_LANGUAGE_STANDARD = gnu99;
				GCC_DYNAMIC_NO_PIC = NO;
				GCC_NO_COMMON_BLOCKS = YES;
				GCC_OPTIMIZATION_LEVEL = 0;
				GCC_PREPROCESSOR_DEFINITIONS = (
					"DEBUG=1",
					"$(inherited)",
				);
				GCC_WARN_64_TO_32_BIT_CONVERSION = YES;
				GCC_WARN_ABOUT_RETURN_TYPE = YES_ERROR;
				GCC_WARN_UNDECLARED_SELECTOR = YES;
				GCC_WARN_UNINITIALIZED_AUTOS = YES_AGGRESSIVE;
				GCC_WARN_UNUSED_FUNCTION = YES;
				GCC_WARN_UNUSED_VARIABLE = YES;
				IPHONEOS_DEPLOYMENT_TARGET = 10.2;
				MTL_ENABLE_DEBUG_INFO = YES;
				ONLY_ACTIVE_ARCH = YES;
				SDKROOT = iphoneos;
				SWIFT_ACTIVE_COMPILATION_CONDITIONS = DEBUG;
				SWIFT_OPTIMIZATION_LEVEL = "-Onone";
				TARGETED_DEVICE_FAMILY = "1,2";
			};
			name = Debug;
		};
		78465EEC1E757E8000A3E2DA /* Release */ = {
			isa = XCBuildConfiguration;
			buildSettings = {
				ALWAYS_SEARCH_USER_PATHS = NO;
				CLANG_ANALYZER_NONNULL = YES;
				CLANG_CXX_LANGUAGE_STANDARD = "gnu++0x";
				CLANG_CXX_LIBRARY = "libc++";
				CLANG_ENABLE_MODULES = YES;
				CLANG_ENABLE_OBJC_ARC = YES;
				CLANG_WARN_BOOL_CONVERSION = YES;
				CLANG_WARN_CONSTANT_CONVERSION = YES;
				CLANG_WARN_DIRECT_OBJC_ISA_USAGE = YES_ERROR;
				CLANG_WARN_DOCUMENTATION_COMMENTS = YES;
				CLANG_WARN_EMPTY_BODY = YES;
				CLANG_WARN_ENUM_CONVERSION = YES;
				CLANG_WARN_INFINITE_RECURSION = YES;
				CLANG_WARN_INT_CONVERSION = YES;
				CLANG_WARN_OBJC_ROOT_CLASS = YES_ERROR;
				CLANG_WARN_SUSPICIOUS_MOVE = YES;
				CLANG_WARN_UNREACHABLE_CODE = YES;
				CLANG_WARN__DUPLICATE_METHOD_MATCH = YES;
				"CODE_SIGN_IDENTITY[sdk=iphoneos*]" = "iPhone Developer";
				COPY_PHASE_STRIP = NO;
				DEBUG_INFORMATION_FORMAT = "dwarf-with-dsym";
				ENABLE_NS_ASSERTIONS = NO;
				ENABLE_STRICT_OBJC_MSGSEND = YES;
				GCC_C_LANGUAGE_STANDARD = gnu99;
				GCC_NO_COMMON_BLOCKS = YES;
				GCC_WARN_64_TO_32_BIT_CONVERSION = YES;
				GCC_WARN_ABOUT_RETURN_TYPE = YES_ERROR;
				GCC_WARN_UNDECLARED_SELECTOR = YES;
				GCC_WARN_UNINITIALIZED_AUTOS = YES_AGGRESSIVE;
				GCC_WARN_UNUSED_FUNCTION = YES;
				GCC_WARN_UNUSED_VARIABLE = YES;
				IPHONEOS_DEPLOYMENT_TARGET = 10.2;
				MTL_ENABLE_DEBUG_INFO = NO;
				SDKROOT = iphoneos;
				SWIFT_OPTIMIZATION_LEVEL = "-Owholemodule";
				TARGETED_DEVICE_FAMILY = "1,2";
				VALIDATE_PRODUCT = YES;
			};
			name = Release;
		};
		78465EEE1E757E8000A3E2DA /* Debug */ = {
			isa = XCBuildConfiguration;
			buildSettings = {
				ASSETCATALOG_COMPILER_APPICON_NAME = AppIcon;
				DEVELOPMENT_TEAM = JRAMBAKZPX;
				INFOPLIST_FILE = DreamLister/Info.plist;
				LD_RUNPATH_SEARCH_PATHS = "$(inherited) @executable_path/Frameworks";
				PRODUCT_BUNDLE_IDENTIFIER = com.study.Project.DreamLister;
				PRODUCT_NAME = "$(TARGET_NAME)";
				SWIFT_VERSION = 3.0;
			};
			name = Debug;
		};
		78465EEF1E757E8000A3E2DA /* Release */ = {
			isa = XCBuildConfiguration;
			buildSettings = {
				ASSETCATALOG_COMPILER_APPICON_NAME = AppIcon;
				DEVELOPMENT_TEAM = JRAMBAKZPX;
				INFOPLIST_FILE = DreamLister/Info.plist;
				LD_RUNPATH_SEARCH_PATHS = "$(inherited) @executable_path/Frameworks";
				PRODUCT_BUNDLE_IDENTIFIER = com.study.Project.DreamLister;
				PRODUCT_NAME = "$(TARGET_NAME)";
				SWIFT_VERSION = 3.0;
			};
			name = Release;
		};
/* End XCBuildConfiguration section */

/* Begin XCConfigurationList section */
		78465ED31E757E8000A3E2DA /* Build configuration list for PBXProject "DreamLister" */ = {
			isa = XCConfigurationList;
			buildConfigurations = (
				78465EEB1E757E8000A3E2DA /* Debug */,
				78465EEC1E757E8000A3E2DA /* Release */,
			);
			defaultConfigurationIsVisible = 0;
			defaultConfigurationName = Release;
		};
		78465EED1E757E8000A3E2DA /* Build configuration list for PBXNativeTarget "DreamLister" */ = {
			isa = XCConfigurationList;
			buildConfigurations = (
				78465EEE1E757E8000A3E2DA /* Debug */,
				78465EEF1E757E8000A3E2DA /* Release */,
			);
			defaultConfigurationIsVisible = 0;
		};
/* End XCConfigurationList section */

/* Begin XCVersionGroup section */
		78465EE21E757E8000A3E2DA /* DreamLister.xcdatamodeld */ = {
			isa = XCVersionGroup;
			children = (
				78465EE31E757E8000A3E2DA /* DreamLister.xcdatamodel */,
			);
			currentVersion = 78465EE31E757E8000A3E2DA /* DreamLister.xcdatamodel */;
			path = DreamLister.xcdatamodeld;
			sourceTree = "<group>";
			versionGroupType = wrapper.xcdatamodel;
		};
/* End XCVersionGroup section */
	};
	rootObject = 78465ED01E757E8000A3E2DA /* Project object */;
}
